// !$*UTF8*$!
{
	archiveVersion = 1;
	classes = {
	};
	objectVersion = 50;
	objects = {

/* Begin PBXBuildFile section */
		31D7083A25372E6000C563ED /* AppDelegate.swift in Sources */ = {isa = PBXBuildFile; fileRef = 31D7083925372E6000C563ED /* AppDelegate.swift */; };
		31D7083C25372E6000C563ED /* SceneDelegate.swift in Sources */ = {isa = PBXBuildFile; fileRef = 31D7083B25372E6000C563ED /* SceneDelegate.swift */; };
		31D7083E25372E6000C563ED /* AppView.swift in Sources */ = {isa = PBXBuildFile; fileRef = 31D7083D25372E6000C563ED /* AppView.swift */; };
		31D7084025372E6100C563ED /* Assets.xcassets in Resources */ = {isa = PBXBuildFile; fileRef = 31D7083F25372E6100C563ED /* Assets.xcassets */; };
		31D7084325372E6100C563ED /* Preview Assets.xcassets in Resources */ = {isa = PBXBuildFile; fileRef = 31D7084225372E6100C563ED /* Preview Assets.xcassets */; };
		31D7084625372E6100C563ED /* LaunchScreen.storyboard in Resources */ = {isa = PBXBuildFile; fileRef = 31D7084425372E6100C563ED /* LaunchScreen.storyboard */; };
		31ECD1692537306700948498 /* Colors.xcassets in Resources */ = {isa = PBXBuildFile; fileRef = 31ECD1682537306700948498 /* Colors.xcassets */; };
		31ECD16D253731A300948498 /* Colors.swift in Sources */ = {isa = PBXBuildFile; fileRef = 31ECD16C253731A300948498 /* Colors.swift */; };
		31ECD1712537343A00948498 /* Fonts.swift in Sources */ = {isa = PBXBuildFile; fileRef = 31ECD1702537343A00948498 /* Fonts.swift */; };
		31ECD1752537394800948498 /* Buttons.swift in Sources */ = {isa = PBXBuildFile; fileRef = 31ECD1742537394800948498 /* Buttons.swift */; };
/* End PBXBuildFile section */

/* Begin PBXFileReference section */
		31D7083625372E6000C563ED /* mi-vote.app */ = {isa = PBXFileReference; explicitFileType = wrapper.application; includeInIndex = 0; path = "mi-vote.app"; sourceTree = BUILT_PRODUCTS_DIR; };
		31D7083925372E6000C563ED /* AppDelegate.swift */ = {isa = PBXFileReference; lastKnownFileType = sourcecode.swift; path = AppDelegate.swift; sourceTree = "<group>"; };
		31D7083B25372E6000C563ED /* SceneDelegate.swift */ = {isa = PBXFileReference; lastKnownFileType = sourcecode.swift; path = SceneDelegate.swift; sourceTree = "<group>"; };
		31D7083D25372E6000C563ED /* AppView.swift */ = {isa = PBXFileReference; lastKnownFileType = sourcecode.swift; path = AppView.swift; sourceTree = "<group>"; };
		31D7083F25372E6100C563ED /* Assets.xcassets */ = {isa = PBXFileReference; lastKnownFileType = folder.assetcatalog; path = Assets.xcassets; sourceTree = "<group>"; };
		31D7084225372E6100C563ED /* Preview Assets.xcassets */ = {isa = PBXFileReference; lastKnownFileType = folder.assetcatalog; path = "Preview Assets.xcassets"; sourceTree = "<group>"; };
		31D7084525372E6100C563ED /* Base */ = {isa = PBXFileReference; lastKnownFileType = file.storyboard; name = Base; path = Base.lproj/LaunchScreen.storyboard; sourceTree = "<group>"; };
		31D7084725372E6100C563ED /* Info.plist */ = {isa = PBXFileReference; lastKnownFileType = text.plist.xml; path = Info.plist; sourceTree = "<group>"; };
		31ECD1682537306700948498 /* Colors.xcassets */ = {isa = PBXFileReference; lastKnownFileType = folder.assetcatalog; path = Colors.xcassets; sourceTree = "<group>"; };
		31ECD16C253731A300948498 /* Colors.swift */ = {isa = PBXFileReference; lastKnownFileType = sourcecode.swift; path = Colors.swift; sourceTree = "<group>"; };
		31ECD1702537343A00948498 /* Fonts.swift */ = {isa = PBXFileReference; lastKnownFileType = sourcecode.swift; path = Fonts.swift; sourceTree = "<group>"; };
		31ECD1742537394800948498 /* Buttons.swift */ = {isa = PBXFileReference; lastKnownFileType = sourcecode.swift; path = Buttons.swift; sourceTree = "<group>"; };
		31ECD17725374B7900948498 /* keep.txt */ = {isa = PBXFileReference; lastKnownFileType = text; path = keep.txt; sourceTree = "<group>"; };
		31ECD17A25374BA000948498 /* keep.txt */ = {isa = PBXFileReference; lastKnownFileType = text; path = keep.txt; sourceTree = "<group>"; };
		31ECD17D25374BD200948498 /* keep.txt */ = {isa = PBXFileReference; lastKnownFileType = text; path = keep.txt; sourceTree = "<group>"; };
/* End PBXFileReference section */

/* Begin PBXFrameworksBuildPhase section */
		31D7083325372E6000C563ED /* Frameworks */ = {
			isa = PBXFrameworksBuildPhase;
			buildActionMask = 2147483647;
			files = (
			);
			runOnlyForDeploymentPostprocessing = 0;
		};
/* End PBXFrameworksBuildPhase section */

/* Begin PBXGroup section */
		31D7082D25372E6000C563ED = {
			isa = PBXGroup;
			children = (
				31D7083825372E6000C563ED /* App */,
				31D7083725372E6000C563ED /* Products */,
			);
			sourceTree = "<group>";
		};
		31D7083725372E6000C563ED /* Products */ = {
			isa = PBXGroup;
			children = (
				31D7083625372E6000C563ED /* mi-vote.app */,
			);
			name = Products;
			sourceTree = "<group>";
		};
		31D7083825372E6000C563ED /* App */ = {
			isa = PBXGroup;
			children = (
				31ECD1652537300800948498 /* Environment */,
				31ECD1642537300200948498 /* Styles */,
				31ECD16325372FFA00948498 /* Network */,
				31ECD16225372FF500948498 /* Models */,
				31ECD16125372FEE00948498 /* Views */,
				31D7083925372E6000C563ED /* AppDelegate.swift */,
				31D7083B25372E6000C563ED /* SceneDelegate.swift */,
				31D7083F25372E6100C563ED /* Assets.xcassets */,
				31ECD1682537306700948498 /* Colors.xcassets */,
				31D7084425372E6100C563ED /* LaunchScreen.storyboard */,
				31D7084725372E6100C563ED /* Info.plist */,
				31D7084125372E6100C563ED /* Preview Content */,
			);
			path = App;
			sourceTree = "<group>";
		};
		31D7084125372E6100C563ED /* Preview Content */ = {
			isa = PBXGroup;
			children = (
				31D7084225372E6100C563ED /* Preview Assets.xcassets */,
			);
			path = "Preview Content";
			sourceTree = "<group>";
		};
		31ECD16125372FEE00948498 /* Views */ = {
			isa = PBXGroup;
			children = (
				31ECD1662537302800948498 /* Screens */,
			);
			path = Views;
			sourceTree = "<group>";
		};
		31ECD16225372FF500948498 /* Models */ = {
			isa = PBXGroup;
			children = (
				31ECD17D25374BD200948498 /* keep.txt */,
			);
			path = Models;
			sourceTree = "<group>";
		};
		31ECD16325372FFA00948498 /* Network */ = {
			isa = PBXGroup;
			children = (
				31ECD17A25374BA000948498 /* keep.txt */,
			);
			path = Network;
			sourceTree = "<group>";
		};
		31ECD1642537300200948498 /* Styles */ = {
			isa = PBXGroup;
			children = (
				31ECD16C253731A300948498 /* Colors.swift */,
				31ECD1702537343A00948498 /* Fonts.swift */,
				31ECD1742537394800948498 /* Buttons.swift */,
			);
			path = Styles;
			sourceTree = "<group>";
		};
		31ECD1652537300800948498 /* Environment */ = {
			isa = PBXGroup;
			children = (
				31ECD17725374B7900948498 /* keep.txt */,
			);
			path = Environment;
			sourceTree = "<group>";
		};
		31ECD1662537302800948498 /* Screens */ = {
			isa = PBXGroup;
			children = (
				31D7083D25372E6000C563ED /* AppView.swift */,
			);
			path = Screens;
			sourceTree = "<group>";
		};
/* End PBXGroup section */

/* Begin PBXNativeTarget section */
		31D7083525372E6000C563ED /* mi-vote */ = {
			isa = PBXNativeTarget;
			buildConfigurationList = 31D7084A25372E6100C563ED /* Build configuration list for PBXNativeTarget "mi-vote" */;
			buildPhases = (
				31D7083225372E6000C563ED /* Sources */,
				31D7083325372E6000C563ED /* Frameworks */,
				31D7083425372E6000C563ED /* Resources */,
			);
			buildRules = (
			);
			dependencies = (
			);
			name = "mi-vote";
			productName = "MI Vote";
			productReference = 31D7083625372E6000C563ED /* mi-vote.app */;
			productType = "com.apple.product-type.application";
		};
/* End PBXNativeTarget section */

/* Begin PBXProject section */
		31D7082E25372E6000C563ED /* Project object */ = {
			isa = PBXProject;
			attributes = {
				LastSwiftUpdateCheck = 1200;
				LastUpgradeCheck = 1200;
				TargetAttributes = {
					31D7083525372E6000C563ED = {
						CreatedOnToolsVersion = 12.0.1;
					};
				};
			};
			buildConfigurationList = 31D7083125372E6000C563ED /* Build configuration list for PBXProject "mi-vote" */;
			compatibilityVersion = "Xcode 9.3";
			developmentRegion = en;
			hasScannedForEncodings = 0;
			knownRegions = (
				en,
				Base,
			);
			mainGroup = 31D7082D25372E6000C563ED;
			productRefGroup = 31D7083725372E6000C563ED /* Products */;
			projectDirPath = "";
			projectRoot = "";
			targets = (
				31D7083525372E6000C563ED /* mi-vote */,
			);
		};
/* End PBXProject section */

/* Begin PBXResourcesBuildPhase section */
		31D7083425372E6000C563ED /* Resources */ = {
			isa = PBXResourcesBuildPhase;
			buildActionMask = 2147483647;
			files = (
				31D7084625372E6100C563ED /* LaunchScreen.storyboard in Resources */,
				31ECD1692537306700948498 /* Colors.xcassets in Resources */,
				31D7084325372E6100C563ED /* Preview Assets.xcassets in Resources */,
				31D7084025372E6100C563ED /* Assets.xcassets in Resources */,
			);
			runOnlyForDeploymentPostprocessing = 0;
		};
/* End PBXResourcesBuildPhase section */

/* Begin PBXSourcesBuildPhase section */
		31D7083225372E6000C563ED /* Sources */ = {
			isa = PBXSourcesBuildPhase;
			buildActionMask = 2147483647;
			files = (
				31D7083A25372E6000C563ED /* AppDelegate.swift in Sources */,
				31ECD1712537343A00948498 /* Fonts.swift in Sources */,
				31ECD16D253731A300948498 /* Colors.swift in Sources */,
				31ECD1752537394800948498 /* Buttons.swift in Sources */,
				31D7083C25372E6000C563ED /* SceneDelegate.swift in Sources */,
				31D7083E25372E6000C563ED /* AppView.swift in Sources */,
			);
			runOnlyForDeploymentPostprocessing = 0;
		};
/* End PBXSourcesBuildPhase section */

/* Begin PBXVariantGroup section */
		31D7084425372E6100C563ED /* LaunchScreen.storyboard */ = {
			isa = PBXVariantGroup;
			children = (
				31D7084525372E6100C563ED /* Base */,
			);
			name = LaunchScreen.storyboard;
			sourceTree = "<group>";
		};
/* End PBXVariantGroup section */

/* Begin XCBuildConfiguration section */
		31D7084825372E6100C563ED /* Debug */ = {
			isa = XCBuildConfiguration;
			buildSettings = {
				ALWAYS_SEARCH_USER_PATHS = NO;
				CLANG_ANALYZER_NONNULL = YES;
				CLANG_ANALYZER_NUMBER_OBJECT_CONVERSION = YES_AGGRESSIVE;
				CLANG_CXX_LANGUAGE_STANDARD = "gnu++14";
				CLANG_CXX_LIBRARY = "libc++";
				CLANG_ENABLE_MODULES = YES;
				CLANG_ENABLE_OBJC_ARC = YES;
				CLANG_ENABLE_OBJC_WEAK = YES;
				CLANG_WARN_BLOCK_CAPTURE_AUTORELEASING = YES;
				CLANG_WARN_BOOL_CONVERSION = YES;
				CLANG_WARN_COMMA = YES;
				CLANG_WARN_CONSTANT_CONVERSION = YES;
				CLANG_WARN_DEPRECATED_OBJC_IMPLEMENTATIONS = YES;
				CLANG_WARN_DIRECT_OBJC_ISA_USAGE = YES_ERROR;
				CLANG_WARN_DOCUMENTATION_COMMENTS = YES;
				CLANG_WARN_EMPTY_BODY = YES;
				CLANG_WARN_ENUM_CONVERSION = YES;
				CLANG_WARN_INFINITE_RECURSION = YES;
				CLANG_WARN_INT_CONVERSION = YES;
				CLANG_WARN_NON_LITERAL_NULL_CONVERSION = YES;
				CLANG_WARN_OBJC_IMPLICIT_RETAIN_SELF = YES;
				CLANG_WARN_OBJC_LITERAL_CONVERSION = YES;
				CLANG_WARN_OBJC_ROOT_CLASS = YES_ERROR;
				CLANG_WARN_QUOTED_INCLUDE_IN_FRAMEWORK_HEADER = YES;
				CLANG_WARN_RANGE_LOOP_ANALYSIS = YES;
				CLANG_WARN_STRICT_PROTOTYPES = YES;
				CLANG_WARN_SUSPICIOUS_MOVE = YES;
				CLANG_WARN_UNGUARDED_AVAILABILITY = YES_AGGRESSIVE;
				CLANG_WARN_UNREACHABLE_CODE = YES;
				CLANG_WARN__DUPLICATE_METHOD_MATCH = YES;
				COPY_PHASE_STRIP = NO;
				DEBUG_INFORMATION_FORMAT = dwarf;
				ENABLE_STRICT_OBJC_MSGSEND = YES;
				ENABLE_TESTABILITY = YES;
				GCC_C_LANGUAGE_STANDARD = gnu11;
				GCC_DYNAMIC_NO_PIC = NO;
				GCC_NO_COMMON_BLOCKS = YES;
				GCC_OPTIMIZATION_LEVEL = 0;
				GCC_PREPROCESSOR_DEFINITIONS = (
					"DEBUG=1",
					"$(inherited)",
				);
				GCC_WARN_64_TO_32_BIT_CONVERSION = YES;
				GCC_WARN_ABOUT_RETURN_TYPE = YES_ERROR;
				GCC_WARN_UNDECLARED_SELECTOR = YES;
				GCC_WARN_UNINITIALIZED_AUTOS = YES_AGGRESSIVE;
				GCC_WARN_UNUSED_FUNCTION = YES;
				GCC_WARN_UNUSED_VARIABLE = YES;
				IPHONEOS_DEPLOYMENT_TARGET = 14.0;
				MTL_ENABLE_DEBUG_INFO = INCLUDE_SOURCE;
				MTL_FAST_MATH = YES;
				ONLY_ACTIVE_ARCH = YES;
				SDKROOT = iphoneos;
				SWIFT_ACTIVE_COMPILATION_CONDITIONS = DEBUG;
				SWIFT_OPTIMIZATION_LEVEL = "-Onone";
			};
			name = Debug;
		};
		31D7084925372E6100C563ED /* Release */ = {
			isa = XCBuildConfiguration;
			buildSettings = {
				ALWAYS_SEARCH_USER_PATHS = NO;
				CLANG_ANALYZER_NONNULL = YES;
				CLANG_ANALYZER_NUMBER_OBJECT_CONVERSION = YES_AGGRESSIVE;
				CLANG_CXX_LANGUAGE_STANDARD = "gnu++14";
				CLANG_CXX_LIBRARY = "libc++";
				CLANG_ENABLE_MODULES = YES;
				CLANG_ENABLE_OBJC_ARC = YES;
				CLANG_ENABLE_OBJC_WEAK = YES;
				CLANG_WARN_BLOCK_CAPTURE_AUTORELEASING = YES;
				CLANG_WARN_BOOL_CONVERSION = YES;
				CLANG_WARN_COMMA = YES;
				CLANG_WARN_CONSTANT_CONVERSION = YES;
				CLANG_WARN_DEPRECATED_OBJC_IMPLEMENTATIONS = YES;
				CLANG_WARN_DIRECT_OBJC_ISA_USAGE = YES_ERROR;
				CLANG_WARN_DOCUMENTATION_COMMENTS = YES;
				CLANG_WARN_EMPTY_BODY = YES;
				CLANG_WARN_ENUM_CONVERSION = YES;
				CLANG_WARN_INFINITE_RECURSION = YES;
				CLANG_WARN_INT_CONVERSION = YES;
				CLANG_WARN_NON_LITERAL_NULL_CONVERSION = YES;
				CLANG_WARN_OBJC_IMPLICIT_RETAIN_SELF = YES;
				CLANG_WARN_OBJC_LITERAL_CONVERSION = YES;
				CLANG_WARN_OBJC_ROOT_CLASS = YES_ERROR;
				CLANG_WARN_QUOTED_INCLUDE_IN_FRAMEWORK_HEADER = YES;
				CLANG_WARN_RANGE_LOOP_ANALYSIS = YES;
				CLANG_WARN_STRICT_PROTOTYPES = YES;
				CLANG_WARN_SUSPICIOUS_MOVE = YES;
				CLANG_WARN_UNGUARDED_AVAILABILITY = YES_AGGRESSIVE;
				CLANG_WARN_UNREACHABLE_CODE = YES;
				CLANG_WARN__DUPLICATE_METHOD_MATCH = YES;
				COPY_PHASE_STRIP = NO;
				DEBUG_INFORMATION_FORMAT = "dwarf-with-dsym";
				ENABLE_NS_ASSERTIONS = NO;
				ENABLE_STRICT_OBJC_MSGSEND = YES;
				GCC_C_LANGUAGE_STANDARD = gnu11;
				GCC_NO_COMMON_BLOCKS = YES;
				GCC_WARN_64_TO_32_BIT_CONVERSION = YES;
				GCC_WARN_ABOUT_RETURN_TYPE = YES_ERROR;
				GCC_WARN_UNDECLARED_SELECTOR = YES;
				GCC_WARN_UNINITIALIZED_AUTOS = YES_AGGRESSIVE;
				GCC_WARN_UNUSED_FUNCTION = YES;
				GCC_WARN_UNUSED_VARIABLE = YES;
				IPHONEOS_DEPLOYMENT_TARGET = 14.0;
				MTL_ENABLE_DEBUG_INFO = NO;
				MTL_FAST_MATH = YES;
				SDKROOT = iphoneos;
				SWIFT_COMPILATION_MODE = wholemodule;
				SWIFT_OPTIMIZATION_LEVEL = "-O";
				VALIDATE_PRODUCT = YES;
			};
			name = Release;
		};
		31D7084B25372E6100C563ED /* Debug */ = {
			isa = XCBuildConfiguration;
			buildSettings = {
				ASSETCATALOG_COMPILER_APPICON_NAME = AppIcon;
				ASSETCATALOG_COMPILER_GLOBAL_ACCENT_COLOR_NAME = AccentColor;
				CODE_SIGN_STYLE = Automatic;
				DEVELOPMENT_ASSET_PATHS = "\"App/Preview Content\"";
				DEVELOPMENT_TEAM = 4R8XXUKU6X;
				ENABLE_PREVIEWS = YES;
				INFOPLIST_FILE = App/Info.plist;
				IPHONEOS_DEPLOYMENT_TARGET = 13.0;
				LD_RUNPATH_SEARCH_PATHS = (
					"$(inherited)",
					"@executable_path/Frameworks",
				);
				PRODUCT_BUNDLE_IDENTIFIER = "com.michiganlabs.mi-vote";
				PRODUCT_NAME = "$(TARGET_NAME)";
				SWIFT_VERSION = 5.0;
				TARGETED_DEVICE_FAMILY = 1;
			};
			name = Debug;
		};
		31D7084C25372E6100C563ED /* Release */ = {
			isa = XCBuildConfiguration;
			buildSettings = {
				ASSETCATALOG_COMPILER_APPICON_NAME = AppIcon;
				ASSETCATALOG_COMPILER_GLOBAL_ACCENT_COLOR_NAME = AccentColor;
				CODE_SIGN_STYLE = Automatic;
				DEVELOPMENT_ASSET_PATHS = "\"App/Preview Content\"";
				DEVELOPMENT_TEAM = 4R8XXUKU6X;
				ENABLE_PREVIEWS = YES;
				INFOPLIST_FILE = App/Info.plist;
				IPHONEOS_DEPLOYMENT_TARGET = 13.0;
				LD_RUNPATH_SEARCH_PATHS = (
					"$(inherited)",
					"@executable_path/Frameworks",
				);
				PRODUCT_BUNDLE_IDENTIFIER = "com.michiganlabs.mi-vote";
				PRODUCT_NAME = "$(TARGET_NAME)";
				SWIFT_VERSION = 5.0;
				TARGETED_DEVICE_FAMILY = 1;
			};
			name = Release;
		};
/* End XCBuildConfiguration section */

/* Begin XCConfigurationList section */
		31D7083125372E6000C563ED /* Build configuration list for PBXProject "mi-vote" */ = {
			isa = XCConfigurationList;
			buildConfigurations = (
				31D7084825372E6100C563ED /* Debug */,
				31D7084925372E6100C563ED /* Release */,
			);
			defaultConfigurationIsVisible = 0;
			defaultConfigurationName = Release;
		};
		31D7084A25372E6100C563ED /* Build configuration list for PBXNativeTarget "mi-vote" */ = {
			isa = XCConfigurationList;
			buildConfigurations = (
				31D7084B25372E6100C563ED /* Debug */,
				31D7084C25372E6100C563ED /* Release */,
			);
			defaultConfigurationIsVisible = 0;
			defaultConfigurationName = Release;
		};
/* End XCConfigurationList section */
	};
	rootObject = 31D7082E25372E6000C563ED /* Project object */;
}
